
Microsoft Visual Studio Solution File, Format Version 12.00
# Visual Studio Version 17
VisualStudioVersion = 17.11.35327.3
MinimumVisualStudioVersion = 10.0.40219.1
Project("{FAE04EC0-301F-11D3-BF4B-00C04F79EFBC}") = "Infrastucture", "Infrastucture\Infrastucture.csproj", "{BAD31685-F688-4F6A-BD42-9D49BACD2DA1}"
EndProject
Project("{FAE04EC0-301F-11D3-BF4B-00C04F79EFBC}") = "Domain", "Domain\Domain.csproj", "{39819CE4-5BCB-4BFB-8743-6009B88C0237}"
EndProject
Project("{FAE04EC0-301F-11D3-BF4B-00C04F79EFBC}") = "WebUI", "WebUI\WebUI.csproj", "{2D1F330E-BE0B-4C82-8EC9-945874322C4B}"
EndProject
Project("{FAE04EC0-301F-11D3-BF4B-00C04F79EFBC}") = "Application", "Application\Application.csproj", "{626B3D1E-B658-4870-95B7-6B53F0C65D8E}"
EndProject
Global
	GlobalSection(SolutionConfigurationPlatforms) = preSolution
		Debug|Any CPU = Debug|Any CPU
		Release|Any CPU = Release|Any CPU
	EndGlobalSection
	GlobalSection(ProjectConfigurationPlatforms) = postSolution
		{BAD31685-F688-4F6A-BD42-9D49BACD2DA1}.Debug|Any CPU.ActiveCfg = Debug|Any CPU
		{BAD31685-F688-4F6A-BD42-9D49BACD2DA1}.Debug|Any CPU.Build.0 = Debug|Any CPU
		{BAD31685-F688-4F6A-BD42-9D49BACD2DA1}.Release|Any CPU.ActiveCfg = Release|Any CPU
		{BAD31685-F688-4F6A-BD42-9D49BACD2DA1}.Release|Any CPU.Build.0 = Release|Any CPU
		{39819CE4-5BCB-4BFB-8743-6009B88C0237}.Debug|Any CPU.ActiveCfg = Debug|Any CPU
		{39819CE4-5BCB-4BFB-8743-6009B88C0237}.Debug|Any CPU.Build.0 = Debug|Any CPU
		{39819CE4-5BCB-4BFB-8743-6009B88C0237}.Release|Any CPU.ActiveCfg = Release|Any CPU
		{39819CE4-5BCB-4BFB-8743-6009B88C0237}.Release|Any CPU.Build.0 = Release|Any CPU
		{2D1F330E-BE0B-4C82-8EC9-945874322C4B}.Debug|Any CPU.ActiveCfg = Debug|Any CPU
		{2D1F330E-BE0B-4C82-8EC9-945874322C4B}.Debug|Any CPU.Build.0 = Debug|Any CPU
		{2D1F330E-BE0B-4C82-8EC9-945874322C4B}.Release|Any CPU.ActiveCfg = Release|Any CPU
		{2D1F330E-BE0B-4C82-8EC9-945874322C4B}.Release|Any CPU.Build.0 = Release|Any CPU
		{626B3D1E-B658-4870-95B7-6B53F0C65D8E}.Debug|Any CPU.ActiveCfg = Debug|Any CPU
		{626B3D1E-B658-4870-95B7-6B53F0C65D8E}.Debug|Any CPU.Build.0 = Debug|Any CPU
		{626B3D1E-B658-4870-95B7-6B53F0C65D8E}.Release|Any CPU.ActiveCfg = Release|Any CPU
		{626B3D1E-B658-4870-95B7-6B53F0C65D8E}.Release|Any CPU.Build.0 = Release|Any CPU
	EndGlobalSection
	GlobalSection(SolutionProperties) = preSolution
		HideSolutionNode = FALSE
	EndGlobalSection
	GlobalSection(ExtensibilityGlobals) = postSolution
		SolutionGuid = {2511A855-9D6B-4A1D-BFB4-9E8C2EE285F5}
	EndGlobalSection
EndGlobal
